
Microsoft Visual Studio Solution File, Format Version 12.00
# Visual Studio Version 17
VisualStudioVersion = 17.14.36414.22 d17.14
MinimumVisualStudioVersion = 10.0.40219.1
Project("{FAE04EC0-301F-11D3-BF4B-00C04F79EFBC}") = "Lab3Assignment", "Lab3Assignment.csproj", "{3D7AE5FD-0A55-4CE3-AA1D-DC7CD6D3C486}"
EndProject
Global
	GlobalSection(SolutionConfigurationPlatforms) = preSolution
		Debug|Any CPU = Debug|Any CPU
		Release|Any CPU = Release|Any CPU
	EndGlobalSection
	GlobalSection(ProjectConfigurationPlatforms) = postSolution
		{3D7AE5FD-0A55-4CE3-AA1D-DC7CD6D3C486}.Debug|Any CPU.ActiveCfg = Debug|Any CPU
		{3D7AE5FD-0A55-4CE3-AA1D-DC7CD6D3C486}.Debug|Any CPU.Build.0 = Debug|Any CPU
		{3D7AE5FD-0A55-4CE3-AA1D-DC7CD6D3C486}.Release|Any CPU.ActiveCfg = Release|Any CPU
		{3D7AE5FD-0A55-4CE3-AA1D-DC7CD6D3C486}.Release|Any CPU.Build.0 = Release|Any CPU
	EndGlobalSection
	GlobalSection(SolutionProperties) = preSolution
		HideSolutionNode = FALSE
	EndGlobalSection
	GlobalSection(ExtensibilityGlobals) = postSolution
		SolutionGuid = {1889BD82-FE5A-4A8F-AE09-A13E3E432C1F}
	EndGlobalSection
EndGlobal
